PODS:
  - tealium-swift/Collect (2.12.2):
    - tealium-swift/Core
  - tealium-swift/Core (2.12.2)
  - tealium-swift/Lifecycle (2.12.2):
    - tealium-swift/Core
  - tealium-swift/RemoteCommands (2.12.2):
    - tealium-swift/Core
  - tealium-swift/TagManagement (2.12.2):
    - tealium-swift/Core
  - tealium-swift/VisitorService (2.12.2):
    - tealium-swift/Core

DEPENDENCIES:
  - tealium-swift/Collect (~> 2.12)
  - tealium-swift/Core (~> 2.12)
  - tealium-swift/Lifecycle (~> 2.12)
  - tealium-swift/RemoteCommands (~> 2.12)
  - tealium-swift/TagManagement (~> 2.12)
  - tealium-swift/VisitorService (~> 2.12)

SPEC REPOS:
  https://github.com/CocoaPods/Specs:
    - tealium-swift

SPEC CHECKSUMS:
  tealium-swift: 4b7e3dda42d7c1de6acb769abad9920346d17d43

PODFILE CHECKSUM: af6ac52f543ad526a1662f21b015e91d6e6776a3

COCOAPODS: 1.15.2
